// !$*UTF8*$!
{
	archiveVersion = 1;
	classes = {
	};
	objectVersion = 46;
	objects = {

/* Begin PBXBuildFile section */
		BFC19F891E7C324E0022C371 /* AppDelegate.swift in Sources */ = {isa = PBXBuildFile; fileRef = BFC19F881E7C324E0022C371 /* AppDelegate.swift */; };
		BFC19F8E1E7C324F0022C371 /* Main.storyboard in Resources */ = {isa = PBXBuildFile; fileRef = BFC19F8C1E7C324F0022C371 /* Main.storyboard */; };
		BFC19F901E7C324F0022C371 /* Assets.xcassets in Resources */ = {isa = PBXBuildFile; fileRef = BFC19F8F1E7C324F0022C371 /* Assets.xcassets */; };
		BFC19F931E7C324F0022C371 /* LaunchScreen.storyboard in Resources */ = {isa = PBXBuildFile; fileRef = BFC19F911E7C324F0022C371 /* LaunchScreen.storyboard */; };
		BFC19F9F1E7C35CC0022C371 /* BaseViewController.swift in Sources */ = {isa = PBXBuildFile; fileRef = BFC19F9E1E7C35CC0022C371 /* BaseViewController.swift */; };
		BFC19FA21E7C35DE0022C371 /* Model.xcdatamodeld in Sources */ = {isa = PBXBuildFile; fileRef = BFC19FA01E7C35DE0022C371 /* Model.xcdatamodeld */; };
		BFC19FA41E7C36960022C371 /* DatabaseManager.swift in Sources */ = {isa = PBXBuildFile; fileRef = BFC19FA31E7C36960022C371 /* DatabaseManager.swift */; };
		BFC19FA71E7C36CF0022C371 /* CoreData.framework in Frameworks */ = {isa = PBXBuildFile; fileRef = BFC19FA61E7C36CF0022C371 /* CoreData.framework */; };
		BFC19FA91E7C39BF0022C371 /* HomeViewController.swift in Sources */ = {isa = PBXBuildFile; fileRef = BFC19FA81E7C39BF0022C371 /* HomeViewController.swift */; };
		BFC19FAB1E7C3DE10022C371 /* NetworkManager.swift in Sources */ = {isa = PBXBuildFile; fileRef = BFC19FAA1E7C3DE10022C371 /* NetworkManager.swift */; };
		BFC19FAE1E7C55160022C371 /* Forecast.swift in Sources */ = {isa = PBXBuildFile; fileRef = BFC19FAD1E7C55160022C371 /* Forecast.swift */; };
		BFC19FB01E7C59660022C371 /* MapViewController.swift in Sources */ = {isa = PBXBuildFile; fileRef = BFC19FAF1E7C59660022C371 /* MapViewController.swift */; };
		BFC19FB21E7C668B0022C371 /* MapKit.framework in Frameworks */ = {isa = PBXBuildFile; fileRef = BFC19FB11E7C668B0022C371 /* MapKit.framework */; };
		BFC19FB41E7C71520022C371 /* BookMarkManager.swift in Sources */ = {isa = PBXBuildFile; fileRef = BFC19FB31E7C71520022C371 /* BookMarkManager.swift */; };
		BFC19FB71E7C7D460022C371 /* CityCell.swift in Sources */ = {isa = PBXBuildFile; fileRef = BFC19FB61E7C7D460022C371 /* CityCell.swift */; };
		BFC19FB91E7C86CB0022C371 /* CityViewController.swift in Sources */ = {isa = PBXBuildFile; fileRef = BFC19FB81E7C86CB0022C371 /* CityViewController.swift */; };
		BFC19FBB1E7D207A0022C371 /* weatherApp.html in Resources */ = {isa = PBXBuildFile; fileRef = BFC19FBA1E7D207A0022C371 /* weatherApp.html */; };
		BFC19FBD1E7D20BC0022C371 /* HelpViewController.swift in Sources */ = {isa = PBXBuildFile; fileRef = BFC19FBC1E7D20BC0022C371 /* HelpViewController.swift */; };
		BFC19FBF1E7D266E0022C371 /* WebKit.framework in Frameworks */ = {isa = PBXBuildFile; fileRef = BFC19FBE1E7D266D0022C371 /* WebKit.framework */; };
/* End PBXBuildFile section */

/* Begin PBXFileReference section */
		BFC19F851E7C324E0022C371 /* WeatherApp.app */ = {isa = PBXFileReference; explicitFileType = wrapper.application; includeInIndex = 0; path = WeatherApp.app; sourceTree = BUILT_PRODUCTS_DIR; };
		BFC19F881E7C324E0022C371 /* AppDelegate.swift */ = {isa = PBXFileReference; lastKnownFileType = sourcecode.swift; path = AppDelegate.swift; sourceTree = "<group>"; };
		BFC19F8D1E7C324F0022C371 /* Base */ = {isa = PBXFileReference; lastKnownFileType = file.storyboard; name = Base; path = Base.lproj/Main.storyboard; sourceTree = "<group>"; };
		BFC19F8F1E7C324F0022C371 /* Assets.xcassets */ = {isa = PBXFileReference; lastKnownFileType = folder.assetcatalog; path = Assets.xcassets; sourceTree = "<group>"; };
		BFC19F921E7C324F0022C371 /* Base */ = {isa = PBXFileReference; lastKnownFileType = file.storyboard; name = Base; path = Base.lproj/LaunchScreen.storyboard; sourceTree = "<group>"; };
		BFC19F941E7C324F0022C371 /* Info.plist */ = {isa = PBXFileReference; lastKnownFileType = text.plist.xml; path = Info.plist; sourceTree = "<group>"; };
		BFC19F9E1E7C35CC0022C371 /* BaseViewController.swift */ = {isa = PBXFileReference; fileEncoding = 4; lastKnownFileType = sourcecode.swift; path = BaseViewController.swift; sourceTree = "<group>"; };
		BFC19FA11E7C35DE0022C371 /* Model.xcdatamodel */ = {isa = PBXFileReference; lastKnownFileType = wrapper.xcdatamodel; path = Model.xcdatamodel; sourceTree = "<group>"; };
		BFC19FA31E7C36960022C371 /* DatabaseManager.swift */ = {isa = PBXFileReference; fileEncoding = 4; lastKnownFileType = sourcecode.swift; path = DatabaseManager.swift; sourceTree = "<group>"; };
		BFC19FA61E7C36CF0022C371 /* CoreData.framework */ = {isa = PBXFileReference; lastKnownFileType = wrapper.framework; name = CoreData.framework; path = System/Library/Frameworks/CoreData.framework; sourceTree = SDKROOT; };
		BFC19FA81E7C39BF0022C371 /* HomeViewController.swift */ = {isa = PBXFileReference; fileEncoding = 4; lastKnownFileType = sourcecode.swift; path = HomeViewController.swift; sourceTree = "<group>"; };
		BFC19FAA1E7C3DE10022C371 /* NetworkManager.swift */ = {isa = PBXFileReference; fileEncoding = 4; lastKnownFileType = sourcecode.swift; path = NetworkManager.swift; sourceTree = "<group>"; };
		BFC19FAD1E7C55160022C371 /* Forecast.swift */ = {isa = PBXFileReference; fileEncoding = 4; lastKnownFileType = sourcecode.swift; path = Forecast.swift; sourceTree = "<group>"; };
		BFC19FAF1E7C59660022C371 /* MapViewController.swift */ = {isa = PBXFileReference; fileEncoding = 4; lastKnownFileType = sourcecode.swift; path = MapViewController.swift; sourceTree = "<group>"; };
		BFC19FB11E7C668B0022C371 /* MapKit.framework */ = {isa = PBXFileReference; lastKnownFileType = wrapper.framework; name = MapKit.framework; path = System/Library/Frameworks/MapKit.framework; sourceTree = SDKROOT; };
		BFC19FB31E7C71520022C371 /* BookMarkManager.swift */ = {isa = PBXFileReference; fileEncoding = 4; lastKnownFileType = sourcecode.swift; path = BookMarkManager.swift; sourceTree = "<group>"; };
		BFC19FB61E7C7D460022C371 /* CityCell.swift */ = {isa = PBXFileReference; fileEncoding = 4; lastKnownFileType = sourcecode.swift; path = CityCell.swift; sourceTree = "<group>"; };
		BFC19FB81E7C86CB0022C371 /* CityViewController.swift */ = {isa = PBXFileReference; fileEncoding = 4; lastKnownFileType = sourcecode.swift; path = CityViewController.swift; sourceTree = "<group>"; };
		BFC19FBA1E7D207A0022C371 /* weatherApp.html */ = {isa = PBXFileReference; fileEncoding = 4; lastKnownFileType = text.html; path = weatherApp.html; sourceTree = "<group>"; };
		BFC19FBC1E7D20BC0022C371 /* HelpViewController.swift */ = {isa = PBXFileReference; fileEncoding = 4; lastKnownFileType = sourcecode.swift; path = HelpViewController.swift; sourceTree = "<group>"; };
		BFC19FBE1E7D266D0022C371 /* WebKit.framework */ = {isa = PBXFileReference; lastKnownFileType = wrapper.framework; name = WebKit.framework; path = System/Library/Frameworks/WebKit.framework; sourceTree = SDKROOT; };
/* End PBXFileReference section */

/* Begin PBXFrameworksBuildPhase section */
		BFC19F821E7C324E0022C371 /* Frameworks */ = {
			isa = PBXFrameworksBuildPhase;
			buildActionMask = 2147483647;
			files = (
				BFC19FBF1E7D266E0022C371 /* WebKit.framework in Frameworks */,
				BFC19FB21E7C668B0022C371 /* MapKit.framework in Frameworks */,
				BFC19FA71E7C36CF0022C371 /* CoreData.framework in Frameworks */,
			);
			runOnlyForDeploymentPostprocessing = 0;
		};
/* End PBXFrameworksBuildPhase section */

/* Begin PBXGroup section */
		BFC19F7C1E7C324C0022C371 = {
			isa = PBXGroup;
			children = (
				BFC19F871E7C324E0022C371 /* WeatherApp */,
				BFC19F861E7C324E0022C371 /* Products */,
				BFC19FA51E7C36CF0022C371 /* Frameworks */,
			);
			sourceTree = "<group>";
		};
		BFC19F861E7C324E0022C371 /* Products */ = {
			isa = PBXGroup;
			children = (
				BFC19F851E7C324E0022C371 /* WeatherApp.app */,
			);
			name = Products;
			sourceTree = "<group>";
		};
		BFC19F871E7C324E0022C371 /* WeatherApp */ = {
			isa = PBXGroup;
			children = (
				BFC19F9A1E7C35B50022C371 /* Controllers */,
				BFC19F9B1E7C35B50022C371 /* Database */,
				BFC19F9C1E7C35B50022C371 /* Network */,
				BFC19F9D1E7C35B50022C371 /* Resources */,
				BFC19F881E7C324E0022C371 /* AppDelegate.swift */,
				BFC19F8C1E7C324F0022C371 /* Main.storyboard */,
				BFC19F8F1E7C324F0022C371 /* Assets.xcassets */,
				BFC19F911E7C324F0022C371 /* LaunchScreen.storyboard */,
				BFC19F941E7C324F0022C371 /* Info.plist */,
			);
			path = WeatherApp;
			sourceTree = "<group>";
		};
		BFC19F9A1E7C35B50022C371 /* Controllers */ = {
			isa = PBXGroup;
			children = (
				BFC19FB51E7C7D320022C371 /* CustomCell */,
				BFC19FAC1E7C54DA0022C371 /* Model */,
				BFC19F9E1E7C35CC0022C371 /* BaseViewController.swift */,
				BFC19FA81E7C39BF0022C371 /* HomeViewController.swift */,
				BFC19FAF1E7C59660022C371 /* MapViewController.swift */,
				BFC19FB81E7C86CB0022C371 /* CityViewController.swift */,
				BFC19FBC1E7D20BC0022C371 /* HelpViewController.swift */,
			);
			path = Controllers;
			sourceTree = "<group>";
		};
		BFC19F9B1E7C35B50022C371 /* Database */ = {
			isa = PBXGroup;
			children = (
				BFC19FA31E7C36960022C371 /* DatabaseManager.swift */,
				BFC19FB31E7C71520022C371 /* BookMarkManager.swift */,
			);
			path = Database;
			sourceTree = "<group>";
		};
		BFC19F9C1E7C35B50022C371 /* Network */ = {
			isa = PBXGroup;
			children = (
				BFC19FAA1E7C3DE10022C371 /* NetworkManager.swift */,
			);
			path = Network;
			sourceTree = "<group>";
		};
		BFC19F9D1E7C35B50022C371 /* Resources */ = {
			isa = PBXGroup;
			children = (
				BFC19FA01E7C35DE0022C371 /* Model.xcdatamodeld */,
				BFC19FBA1E7D207A0022C371 /* weatherApp.html */,
			);
			path = Resources;
			sourceTree = "<group>";
		};
		BFC19FA51E7C36CF0022C371 /* Frameworks */ = {
			isa = PBXGroup;
			children = (
				BFC19FBE1E7D266D0022C371 /* WebKit.framework */,
				BFC19FB11E7C668B0022C371 /* MapKit.framework */,
				BFC19FA61E7C36CF0022C371 /* CoreData.framework */,
			);
			name = Frameworks;
			sourceTree = "<group>";
		};
		BFC19FAC1E7C54DA0022C371 /* Model */ = {
			isa = PBXGroup;
			children = (
				BFC19FAD1E7C55160022C371 /* Forecast.swift */,
			);
			path = Model;
			sourceTree = "<group>";
		};
		BFC19FB51E7C7D320022C371 /* CustomCell */ = {
			isa = PBXGroup;
			children = (
				BFC19FB61E7C7D460022C371 /* CityCell.swift */,
			);
			path = CustomCell;
			sourceTree = "<group>";
		};
/* End PBXGroup section */

/* Begin PBXNativeTarget section */
		BFC19F841E7C324E0022C371 /* WeatherApp */ = {
			isa = PBXNativeTarget;
			buildConfigurationList = BFC19F971E7C324F0022C371 /* Build configuration list for PBXNativeTarget "WeatherApp" */;
			buildPhases = (
				BFC19F811E7C324E0022C371 /* Sources */,
				BFC19F821E7C324E0022C371 /* Frameworks */,
				BFC19F831E7C324E0022C371 /* Resources */,
			);
			buildRules = (
			);
			dependencies = (
			);
			name = WeatherApp;
			productName = WeatherApp;
			productReference = BFC19F851E7C324E0022C371 /* WeatherApp.app */;
			productType = "com.apple.product-type.application";
		};
/* End PBXNativeTarget section */

/* Begin PBXProject section */
		BFC19F7D1E7C324C0022C371 /* Project object */ = {
			isa = PBXProject;
			attributes = {
				LastSwiftUpdateCheck = 0820;
				LastUpgradeCheck = 0820;
				ORGANIZATIONNAME = Basant;
				TargetAttributes = {
					BFC19F841E7C324E0022C371 = {
						CreatedOnToolsVersion = 8.2.1;
						DevelopmentTeam = 4F6G9SYZV5;
						ProvisioningStyle = Automatic;
					};
				};
			};
			buildConfigurationList = BFC19F801E7C324C0022C371 /* Build configuration list for PBXProject "WeatherApp" */;
			compatibilityVersion = "Xcode 3.2";
			developmentRegion = English;
			hasScannedForEncodings = 0;
			knownRegions = (
				en,
				Base,
			);
			mainGroup = BFC19F7C1E7C324C0022C371;
			productRefGroup = BFC19F861E7C324E0022C371 /* Products */;
			projectDirPath = "";
			projectRoot = "";
			targets = (
				BFC19F841E7C324E0022C371 /* WeatherApp */,
			);
		};
/* End PBXProject section */

/* Begin PBXResourcesBuildPhase section */
		BFC19F831E7C324E0022C371 /* Resources */ = {
			isa = PBXResourcesBuildPhase;
			buildActionMask = 2147483647;
			files = (
				BFC19F931E7C324F0022C371 /* LaunchScreen.storyboard in Resources */,
				BFC19F901E7C324F0022C371 /* Assets.xcassets in Resources */,
				BFC19F8E1E7C324F0022C371 /* Main.storyboard in Resources */,
				BFC19FBB1E7D207A0022C371 /* weatherApp.html in Resources */,
			);
			runOnlyForDeploymentPostprocessing = 0;
		};
/* End PBXResourcesBuildPhase section */

/* Begin PBXSourcesBuildPhase section */
		BFC19F811E7C324E0022C371 /* Sources */ = {
			isa = PBXSourcesBuildPhase;
			buildActionMask = 2147483647;
			files = (
				BFC19FAB1E7C3DE10022C371 /* NetworkManager.swift in Sources */,
				BFC19F891E7C324E0022C371 /* AppDelegate.swift in Sources */,
				BFC19FB71E7C7D460022C371 /* CityCell.swift in Sources */,
				BFC19FAE1E7C55160022C371 /* Forecast.swift in Sources */,
				BFC19FA41E7C36960022C371 /* DatabaseManager.swift in Sources */,
				BFC19FB91E7C86CB0022C371 /* CityViewController.swift in Sources */,
				BFC19F9F1E7C35CC0022C371 /* BaseViewController.swift in Sources */,
				BFC19FBD1E7D20BC0022C371 /* HelpViewController.swift in Sources */,
				BFC19FA21E7C35DE0022C371 /* Model.xcdatamodeld in Sources */,
				BFC19FA91E7C39BF0022C371 /* HomeViewController.swift in Sources */,
				BFC19FB41E7C71520022C371 /* BookMarkManager.swift in Sources */,
				BFC19FB01E7C59660022C371 /* MapViewController.swift in Sources */,
			);
			runOnlyForDeploymentPostprocessing = 0;
		};
/* End PBXSourcesBuildPhase section */

/* Begin PBXVariantGroup section */
		BFC19F8C1E7C324F0022C371 /* Main.storyboard */ = {
			isa = PBXVariantGroup;
			children = (
				BFC19F8D1E7C324F0022C371 /* Base */,
			);
			name = Main.storyboard;
			sourceTree = "<group>";
		};
		BFC19F911E7C324F0022C371 /* LaunchScreen.storyboard */ = {
			isa = PBXVariantGroup;
			children = (
				BFC19F921E7C324F0022C371 /* Base */,
			);
			name = LaunchScreen.storyboard;
			sourceTree = "<group>";
		};
/* End PBXVariantGroup section */

/* Begin XCBuildConfiguration section */
		BFC19F951E7C324F0022C371 /* Debug */ = {
			isa = XCBuildConfiguration;
			buildSettings = {
				ALWAYS_SEARCH_USER_PATHS = NO;
				CLANG_ANALYZER_NONNULL = YES;
				CLANG_CXX_LANGUAGE_STANDARD = "gnu++0x";
				CLANG_CXX_LIBRARY = "libc++";
				CLANG_ENABLE_MODULES = YES;
				CLANG_ENABLE_OBJC_ARC = YES;
				CLANG_WARN_BOOL_CONVERSION = YES;
				CLANG_WARN_CONSTANT_CONVERSION = YES;
				CLANG_WARN_DIRECT_OBJC_ISA_USAGE = YES_ERROR;
				CLANG_WARN_DOCUMENTATION_COMMENTS = YES;
				CLANG_WARN_EMPTY_BODY = YES;
				CLANG_WARN_ENUM_CONVERSION = YES;
				CLANG_WARN_INFINITE_RECURSION = YES;
				CLANG_WARN_INT_CONVERSION = YES;
				CLANG_WARN_OBJC_ROOT_CLASS = YES_ERROR;
				CLANG_WARN_SUSPICIOUS_MOVE = YES;
				CLANG_WARN_UNREACHABLE_CODE = YES;
				CLANG_WARN__DUPLICATE_METHOD_MATCH = YES;
				"CODE_SIGN_IDENTITY[sdk=iphoneos*]" = "iPhone Developer";
				COPY_PHASE_STRIP = NO;
				DEBUG_INFORMATION_FORMAT = dwarf;
				ENABLE_STRICT_OBJC_MSGSEND = YES;
				ENABLE_TESTABILITY = YES;
				GCC_C_LANGUAGE_STANDARD = gnu99;
				GCC_DYNAMIC_NO_PIC = NO;
				GCC_NO_COMMON_BLOCKS = YES;
				GCC_OPTIMIZATION_LEVEL = 0;
				GCC_PREPROCESSOR_DEFINITIONS = (
					"DEBUG=1",
					"$(inherited)",
				);
				GCC_WARN_64_TO_32_BIT_CONVERSION = YES;
				GCC_WARN_ABOUT_RETURN_TYPE = YES_ERROR;
				GCC_WARN_UNDECLARED_SELECTOR = YES;
				GCC_WARN_UNINITIALIZED_AUTOS = YES_AGGRESSIVE;
				GCC_WARN_UNUSED_FUNCTION = YES;
				GCC_WARN_UNUSED_VARIABLE = YES;
				IPHONEOS_DEPLOYMENT_TARGET = 10.2;
				MTL_ENABLE_DEBUG_INFO = YES;
				ONLY_ACTIVE_ARCH = YES;
				SDKROOT = iphoneos;
				SWIFT_ACTIVE_COMPILATION_CONDITIONS = DEBUG;
				SWIFT_OPTIMIZATION_LEVEL = "-Onone";
				TARGETED_DEVICE_FAMILY = "1,2";
			};
			name = Debug;
		};
		BFC19F961E7C324F0022C371 /* Release */ = {
			isa = XCBuildConfiguration;
			buildSettings = {
				ALWAYS_SEARCH_USER_PATHS = NO;
				CLANG_ANALYZER_NONNULL = YES;
				CLANG_CXX_LANGUAGE_STANDARD = "gnu++0x";
				CLANG_CXX_LIBRARY = "libc++";
				CLANG_ENABLE_MODULES = YES;
				CLANG_ENABLE_OBJC_ARC = YES;
				CLANG_WARN_BOOL_CONVERSION = YES;
				CLANG_WARN_CONSTANT_CONVERSION = YES;
				CLANG_WARN_DIRECT_OBJC_ISA_USAGE = YES_ERROR;
				CLANG_WARN_DOCUMENTATION_COMMENTS = YES;
				CLANG_WARN_EMPTY_BODY = YES;
				CLANG_WARN_ENUM_CONVERSION = YES;
				CLANG_WARN_INFINITE_RECURSION = YES;
				CLANG_WARN_INT_CONVERSION = YES;
				CLANG_WARN_OBJC_ROOT_CLASS = YES_ERROR;
				CLANG_WARN_SUSPICIOUS_MOVE = YES;
				CLANG_WARN_UNREACHABLE_CODE = YES;
				CLANG_WARN__DUPLICATE_METHOD_MATCH = YES;
				"CODE_SIGN_IDENTITY[sdk=iphoneos*]" = "iPhone Developer";
				COPY_PHASE_STRIP = NO;
				DEBUG_INFORMATION_FORMAT = "dwarf-with-dsym";
				ENABLE_NS_ASSERTIONS = NO;
				ENABLE_STRICT_OBJC_MSGSEND = YES;
				GCC_C_LANGUAGE_STANDARD = gnu99;
				GCC_NO_COMMON_BLOCKS = YES;
				GCC_WARN_64_TO_32_BIT_CONVERSION = YES;
				GCC_WARN_ABOUT_RETURN_TYPE = YES_ERROR;
				GCC_WARN_UNDECLARED_SELECTOR = YES;
				GCC_WARN_UNINITIALIZED_AUTOS = YES_AGGRESSIVE;
				GCC_WARN_UNUSED_FUNCTION = YES;
				GCC_WARN_UNUSED_VARIABLE = YES;
				IPHONEOS_DEPLOYMENT_TARGET = 10.2;
				MTL_ENABLE_DEBUG_INFO = NO;
				SDKROOT = iphoneos;
				SWIFT_OPTIMIZATION_LEVEL = "-Owholemodule";
				TARGETED_DEVICE_FAMILY = "1,2";
				VALIDATE_PRODUCT = YES;
			};
			name = Release;
		};
		BFC19F981E7C324F0022C371 /* Debug */ = {
			isa = XCBuildConfiguration;
			buildSettings = {
				ASSETCATALOG_COMPILER_APPICON_NAME = AppIcon;
				"CODE_SIGN_IDENTITY[sdk=iphoneos*]" = "iPhone Developer";
				DEVELOPMENT_TEAM = 4F6G9SYZV5;
				INFOPLIST_FILE = WeatherApp/Info.plist;
				LD_RUNPATH_SEARCH_PATHS = "$(inherited) @executable_path/Frameworks";
				PRODUCT_BUNDLE_IDENTIFIER = com.weatherapp.assignment.WeatherApp;
				PRODUCT_NAME = "$(TARGET_NAME)";
				SWIFT_VERSION = 3.0;
			};
			name = Debug;
		};
		BFC19F991E7C324F0022C371 /* Release */ = {
			isa = XCBuildConfiguration;
			buildSettings = {
				ASSETCATALOG_COMPILER_APPICON_NAME = AppIcon;
				"CODE_SIGN_IDENTITY[sdk=iphoneos*]" = "iPhone Developer";
				DEVELOPMENT_TEAM = 4F6G9SYZV5;
				INFOPLIST_FILE = WeatherApp/Info.plist;
				LD_RUNPATH_SEARCH_PATHS = "$(inherited) @executable_path/Frameworks";
				PRODUCT_BUNDLE_IDENTIFIER = com.weatherapp.assignment.WeatherApp;
				PRODUCT_NAME = "$(TARGET_NAME)";
				SWIFT_VERSION = 3.0;
			};
			name = Release;
		};
/* End XCBuildConfiguration section */

/* Begin XCConfigurationList section */
		BFC19F801E7C324C0022C371 /* Build configuration list for PBXProject "WeatherApp" */ = {
			isa = XCConfigurationList;
			buildConfigurations = (
				BFC19F951E7C324F0022C371 /* Debug */,
				BFC19F961E7C324F0022C371 /* Release */,
			);
			defaultConfigurationIsVisible = 0;
			defaultConfigurationName = Release;
		};
		BFC19F971E7C324F0022C371 /* Build configuration list for PBXNativeTarget "WeatherApp" */ = {
			isa = XCConfigurationList;
			buildConfigurations = (
				BFC19F981E7C324F0022C371 /* Debug */,
				BFC19F991E7C324F0022C371 /* Release */,
			);
			defaultConfigurationIsVisible = 0;
			defaultConfigurationName = Release;
		};
/* End XCConfigurationList section */

/* Begin XCVersionGroup section */
		BFC19FA01E7C35DE0022C371 /* Model.xcdatamodeld */ = {
			isa = XCVersionGroup;
			children = (
				BFC19FA11E7C35DE0022C371 /* Model.xcdatamodel */,
			);
			currentVersion = BFC19FA11E7C35DE0022C371 /* Model.xcdatamodel */;
			path = Model.xcdatamodeld;
			sourceTree = "<group>";
			versionGroupType = wrapper.xcdatamodel;
		};
/* End XCVersionGroup section */
	};
	rootObject = BFC19F7D1E7C324C0022C371 /* Project object */;
}
